
Microsoft Visual Studio Solution File, Format Version 12.00
# Visual Studio Version 16
VisualStudioVersion = 16.0.31727.386
MinimumVisualStudioVersion = 10.0.40219.1
Project("{9A19103F-16F7-4668-BE54-9A1E7A4F7556}") = "_01_PrimeiroProjeto", "_01_PrimeiroProjeto\_01_PrimeiroProjeto.csproj", "{934F5BC0-EE8F-4107-80BC-42F1C07C5FC6}"
EndProject
Project("{9A19103F-16F7-4668-BE54-9A1E7A4F7556}") = "_02_CriandoVariaveis", "_02_CriandoVariaveis\_02_CriandoVariaveis.csproj", "{D3457360-8A68-4843-85A8-5764108F453D}"
EndProject
Project("{9A19103F-16F7-4668-BE54-9A1E7A4F7556}") = "_03_CriandoVariaveisPontoFlutuante", "_03_CriandoVariaveisPontoFlutuante\_03_CriandoVariaveisPontoFlutuante.csproj", "{B147840C-9B75-4874-97B9-4F687738470A}"
EndProject
Project("{9A19103F-16F7-4668-BE54-9A1E7A4F7556}") = "_04_ConversoesEOutrosTiposNumericos", "_04_ConversoesEOutrosTiposNumericos\_04_ConversoesEOutrosTiposNumericos.csproj", "{B7D1D1E7-F1C8-4D7C-B9B5-F3FBEE23D617}"
EndProject
Project("{9A19103F-16F7-4668-BE54-9A1E7A4F7556}") = "_05_CaracteresETextos", "_05_CaracteresETextos\_05_CaracteresETextos.csproj", "{5EBDD83D-F7D5-46AD-9053-3FC079568987}"
EndProject
Project("{9A19103F-16F7-4668-BE54-9A1E7A4F7556}") = "_06_AtribuicoesDeVariaveis", "_06_AtribuicoesDeVariaveis\_06_AtribuicoesDeVariaveis.csproj", "{F56F8AED-C4BC-4CD8-94EB-4E744FB76AC4}"
EndProject
Project("{9A19103F-16F7-4668-BE54-9A1E7A4F7556}") = "_07_Condicionais", "_07_Condicionais\_07_Condicionais.csproj", "{4161ABCE-BCD0-4A3B-BC0C-2B4F5D0AE816}"
EndProject
Project("{9A19103F-16F7-4668-BE54-9A1E7A4F7556}") = "_08_Condicionais2", "_08_Condicionais2\_08_Condicionais2.csproj", "{950133E0-A3B4-43AF-9B53-F5B6D1B2CDB2}"
EndProject
Project("{9A19103F-16F7-4668-BE54-9A1E7A4F7556}") = "_09_Escopo", "_09_Escopo\_09_Escopo.csproj", "{569FF3D4-2446-4001-876A-D8452FCBE273}"
EndProject
Project("{9A19103F-16F7-4668-BE54-9A1E7A4F7556}") = "_10_CalculaPoupanca", "_10_CalculaPoupanca\_10_CalculaPoupanca.csproj", "{3490308B-99BD-483C-9634-BB02A24B5801}"
EndProject
Project("{FAE04EC0-301F-11D3-BF4B-00C04F79EFBC}") = "_11_CalculaPoupanca2", "_11_CalculaPoupanca2\_11_CalculaPoupanca2.csproj", "{D36BE5DE-0CD7-489A-9DD1-6D3D3EAC4BE3}"
EndProject
Project("{FAE04EC0-301F-11D3-BF4B-00C04F79EFBC}") = "_12_CalculaInvestimentoLongoPrazo", "_12_CalculaInvestimentoLongoPrazo\_12_CalculaInvestimentoLongoPrazo.csproj", "{5FA16685-B0D6-4227-BCA4-9F5137A9150A}"
EndProject
Global
	GlobalSection(SolutionConfigurationPlatforms) = preSolution
		Debug|Any CPU = Debug|Any CPU
		Release|Any CPU = Release|Any CPU
	EndGlobalSection
	GlobalSection(ProjectConfigurationPlatforms) = postSolution
		{934F5BC0-EE8F-4107-80BC-42F1C07C5FC6}.Debug|Any CPU.ActiveCfg = Debug|Any CPU
		{934F5BC0-EE8F-4107-80BC-42F1C07C5FC6}.Debug|Any CPU.Build.0 = Debug|Any CPU
		{934F5BC0-EE8F-4107-80BC-42F1C07C5FC6}.Release|Any CPU.ActiveCfg = Release|Any CPU
		{934F5BC0-EE8F-4107-80BC-42F1C07C5FC6}.Release|Any CPU.Build.0 = Release|Any CPU
		{D3457360-8A68-4843-85A8-5764108F453D}.Debug|Any CPU.ActiveCfg = Debug|Any CPU
		{D3457360-8A68-4843-85A8-5764108F453D}.Debug|Any CPU.Build.0 = Debug|Any CPU
		{D3457360-8A68-4843-85A8-5764108F453D}.Release|Any CPU.ActiveCfg = Release|Any CPU
		{D3457360-8A68-4843-85A8-5764108F453D}.Release|Any CPU.Build.0 = Release|Any CPU
		{B147840C-9B75-4874-97B9-4F687738470A}.Debug|Any CPU.ActiveCfg = Debug|Any CPU
		{B147840C-9B75-4874-97B9-4F687738470A}.Debug|Any CPU.Build.0 = Debug|Any CPU
		{B147840C-9B75-4874-97B9-4F687738470A}.Release|Any CPU.ActiveCfg = Release|Any CPU
		{B147840C-9B75-4874-97B9-4F687738470A}.Release|Any CPU.Build.0 = Release|Any CPU
		{B7D1D1E7-F1C8-4D7C-B9B5-F3FBEE23D617}.Debug|Any CPU.ActiveCfg = Debug|Any CPU
		{B7D1D1E7-F1C8-4D7C-B9B5-F3FBEE23D617}.Debug|Any CPU.Build.0 = Debug|Any CPU
		{B7D1D1E7-F1C8-4D7C-B9B5-F3FBEE23D617}.Release|Any CPU.ActiveCfg = Release|Any CPU
		{B7D1D1E7-F1C8-4D7C-B9B5-F3FBEE23D617}.Release|Any CPU.Build.0 = Release|Any CPU
		{5EBDD83D-F7D5-46AD-9053-3FC079568987}.Debug|Any CPU.ActiveCfg = Debug|Any CPU
		{5EBDD83D-F7D5-46AD-9053-3FC079568987}.Debug|Any CPU.Build.0 = Debug|Any CPU
		{5EBDD83D-F7D5-46AD-9053-3FC079568987}.Release|Any CPU.ActiveCfg = Release|Any CPU
		{5EBDD83D-F7D5-46AD-9053-3FC079568987}.Release|Any CPU.Build.0 = Release|Any CPU
		{F56F8AED-C4BC-4CD8-94EB-4E744FB76AC4}.Debug|Any CPU.ActiveCfg = Debug|Any CPU
		{F56F8AED-C4BC-4CD8-94EB-4E744FB76AC4}.Debug|Any CPU.Build.0 = Debug|Any CPU
		{F56F8AED-C4BC-4CD8-94EB-4E744FB76AC4}.Release|Any CPU.ActiveCfg = Release|Any CPU
		{F56F8AED-C4BC-4CD8-94EB-4E744FB76AC4}.Release|Any CPU.Build.0 = Release|Any CPU
		{4161ABCE-BCD0-4A3B-BC0C-2B4F5D0AE816}.Debug|Any CPU.ActiveCfg = Debug|Any CPU
		{4161ABCE-BCD0-4A3B-BC0C-2B4F5D0AE816}.Debug|Any CPU.Build.0 = Debug|Any CPU
		{4161ABCE-BCD0-4A3B-BC0C-2B4F5D0AE816}.Release|Any CPU.ActiveCfg = Release|Any CPU
		{4161ABCE-BCD0-4A3B-BC0C-2B4F5D0AE816}.Release|Any CPU.Build.0 = Release|Any CPU
		{950133E0-A3B4-43AF-9B53-F5B6D1B2CDB2}.Debug|Any CPU.ActiveCfg = Debug|Any CPU
		{950133E0-A3B4-43AF-9B53-F5B6D1B2CDB2}.Debug|Any CPU.Build.0 = Debug|Any CPU
		{950133E0-A3B4-43AF-9B53-F5B6D1B2CDB2}.Release|Any CPU.ActiveCfg = Release|Any CPU
		{950133E0-A3B4-43AF-9B53-F5B6D1B2CDB2}.Release|Any CPU.Build.0 = Release|Any CPU
		{569FF3D4-2446-4001-876A-D8452FCBE273}.Debug|Any CPU.ActiveCfg = Debug|Any CPU
		{569FF3D4-2446-4001-876A-D8452FCBE273}.Debug|Any CPU.Build.0 = Debug|Any CPU
		{569FF3D4-2446-4001-876A-D8452FCBE273}.Release|Any CPU.ActiveCfg = Release|Any CPU
		{569FF3D4-2446-4001-876A-D8452FCBE273}.Release|Any CPU.Build.0 = Release|Any CPU
		{3490308B-99BD-483C-9634-BB02A24B5801}.Debug|Any CPU.ActiveCfg = Debug|Any CPU
		{3490308B-99BD-483C-9634-BB02A24B5801}.Debug|Any CPU.Build.0 = Debug|Any CPU
		{3490308B-99BD-483C-9634-BB02A24B5801}.Release|Any CPU.ActiveCfg = Release|Any CPU
		{3490308B-99BD-483C-9634-BB02A24B5801}.Release|Any CPU.Build.0 = Release|Any CPU
		{D36BE5DE-0CD7-489A-9DD1-6D3D3EAC4BE3}.Debug|Any CPU.ActiveCfg = Debug|Any CPU
		{D36BE5DE-0CD7-489A-9DD1-6D3D3EAC4BE3}.Debug|Any CPU.Build.0 = Debug|Any CPU
		{D36BE5DE-0CD7-489A-9DD1-6D3D3EAC4BE3}.Release|Any CPU.ActiveCfg = Release|Any CPU
		{D36BE5DE-0CD7-489A-9DD1-6D3D3EAC4BE3}.Release|Any CPU.Build.0 = Release|Any CPU
		{5FA16685-B0D6-4227-BCA4-9F5137A9150A}.Debug|Any CPU.ActiveCfg = Debug|Any CPU
		{5FA16685-B0D6-4227-BCA4-9F5137A9150A}.Debug|Any CPU.Build.0 = Debug|Any CPU
		{5FA16685-B0D6-4227-BCA4-9F5137A9150A}.Release|Any CPU.ActiveCfg = Release|Any CPU
		{5FA16685-B0D6-4227-BCA4-9F5137A9150A}.Release|Any CPU.Build.0 = Release|Any CPU
	EndGlobalSection
	GlobalSection(SolutionProperties) = preSolution
		HideSolutionNode = FALSE
	EndGlobalSection
	GlobalSection(ExtensibilityGlobals) = postSolution
		SolutionGuid = {7D9361A8-9393-46DB-84F1-97643008B567}
	EndGlobalSection
EndGlobal
